
Microsoft Visual Studio Solution File, Format Version 12.00
# Visual Studio 15
VisualStudioVersion = 15.0.27428.2005
MinimumVisualStudioVersion = 10.0.40219.1
Project("{FAE04EC0-301F-11D3-BF4B-00C04F79EFBC}") = "UnitySATest", "UnitySATest\UnitySATest.csproj", "{4BD303FE-EA93-4C2E-B8E5-88D91EF4B082}"
EndProject
Global
	GlobalSection(SolutionConfigurationPlatforms) = preSolution
		Debug|Any CPU = Debug|Any CPU
		Release|Any CPU = Release|Any CPU
	EndGlobalSection
	GlobalSection(ProjectConfigurationPlatforms) = postSolution
		{4BD303FE-EA93-4C2E-B8E5-88D91EF4B082}.Debug|Any CPU.ActiveCfg = Debug|Any CPU
		{4BD303FE-EA93-4C2E-B8E5-88D91EF4B082}.Debug|Any CPU.Build.0 = Debug|Any CPU
		{4BD303FE-EA93-4C2E-B8E5-88D91EF4B082}.Release|Any CPU.ActiveCfg = Release|Any CPU
		{4BD303FE-EA93-4C2E-B8E5-88D91EF4B082}.Release|Any CPU.Build.0 = Release|Any CPU
	EndGlobalSection
	GlobalSection(SolutionProperties) = preSolution
		HideSolutionNode = FALSE
	EndGlobalSection
	GlobalSection(ExtensibilityGlobals) = postSolution
		SolutionGuid = {8F9C722E-D55F-4AA2-8F4D-55DF407447ED}
	EndGlobalSection
EndGlobal
